
Microsoft Visual Studio Solution File, Format Version 12.00
# Visual Studio 15
VisualStudioVersion = 15.0.26228.4
MinimumVisualStudioVersion = 10.0.40219.1
Project("{FAE04EC0-301F-11D3-BF4B-00C04F79EFBC}") = "Beacon.Server", "Beacon.Server\Beacon.Server.csproj", "{7B4472D2-22CE-4348-9611-FB29DD580129}"
EndProject
Project("{FAE04EC0-301F-11D3-BF4B-00C04F79EFBC}") = "Beacon.Server.Tests", "Beacon.Server.Tests\Beacon.Server.Tests.csproj", "{A9961DCE-4B38-456B-9B40-3C9B20A0CE17}"
EndProject
Global
	GlobalSection(SolutionConfigurationPlatforms) = preSolution
		Debug|Any CPU = Debug|Any CPU
		Debug|x64 = Debug|x64
		Debug|x86 = Debug|x86
		Release|Any CPU = Release|Any CPU
		Release|x64 = Release|x64
		Release|x86 = Release|x86
	EndGlobalSection
	GlobalSection(ProjectConfigurationPlatforms) = postSolution
		{7B4472D2-22CE-4348-9611-FB29DD580129}.Debug|Any CPU.ActiveCfg = Debug|Any CPU
		{7B4472D2-22CE-4348-9611-FB29DD580129}.Debug|Any CPU.Build.0 = Debug|Any CPU
		{7B4472D2-22CE-4348-9611-FB29DD580129}.Debug|x64.ActiveCfg = Debug|Any CPU
		{7B4472D2-22CE-4348-9611-FB29DD580129}.Debug|x64.Build.0 = Debug|Any CPU
		{7B4472D2-22CE-4348-9611-FB29DD580129}.Debug|x86.ActiveCfg = Debug|Any CPU
		{7B4472D2-22CE-4348-9611-FB29DD580129}.Debug|x86.Build.0 = Debug|Any CPU
		{7B4472D2-22CE-4348-9611-FB29DD580129}.Release|Any CPU.ActiveCfg = Release|Any CPU
		{7B4472D2-22CE-4348-9611-FB29DD580129}.Release|Any CPU.Build.0 = Release|Any CPU
		{7B4472D2-22CE-4348-9611-FB29DD580129}.Release|x64.ActiveCfg = Release|Any CPU
		{7B4472D2-22CE-4348-9611-FB29DD580129}.Release|x64.Build.0 = Release|Any CPU
		{7B4472D2-22CE-4348-9611-FB29DD580129}.Release|x86.ActiveCfg = Release|Any CPU
		{7B4472D2-22CE-4348-9611-FB29DD580129}.Release|x86.Build.0 = Release|Any CPU
		{A9961DCE-4B38-456B-9B40-3C9B20A0CE17}.Debug|Any CPU.ActiveCfg = Debug|Any CPU
		{A9961DCE-4B38-456B-9B40-3C9B20A0CE17}.Debug|Any CPU.Build.0 = Debug|Any CPU
		{A9961DCE-4B38-456B-9B40-3C9B20A0CE17}.Debug|x64.ActiveCfg = Debug|Any CPU
		{A9961DCE-4B38-456B-9B40-3C9B20A0CE17}.Debug|x64.Build.0 = Debug|Any CPU
		{A9961DCE-4B38-456B-9B40-3C9B20A0CE17}.Debug|x86.ActiveCfg = Debug|Any CPU
		{A9961DCE-4B38-456B-9B40-3C9B20A0CE17}.Debug|x86.Build.0 = Debug|Any CPU
		{A9961DCE-4B38-456B-9B40-3C9B20A0CE17}.Release|Any CPU.ActiveCfg = Release|Any CPU
		{A9961DCE-4B38-456B-9B40-3C9B20A0CE17}.Release|Any CPU.Build.0 = Release|Any CPU
		{A9961DCE-4B38-456B-9B40-3C9B20A0CE17}.Release|x64.ActiveCfg = Release|Any CPU
		{A9961DCE-4B38-456B-9B40-3C9B20A0CE17}.Release|x64.Build.0 = Release|Any CPU
		{A9961DCE-4B38-456B-9B40-3C9B20A0CE17}.Release|x86.ActiveCfg = Release|Any CPU
		{A9961DCE-4B38-456B-9B40-3C9B20A0CE17}.Release|x86.Build.0 = Release|Any CPU
	EndGlobalSection
	GlobalSection(SolutionProperties) = preSolution
		HideSolutionNode = FALSE
	EndGlobalSection
EndGlobal
